
Microsoft Visual Studio Solution File, Format Version 12.00
# Visual Studio Version 16
VisualStudioVersion = 16.0.30717.126
MinimumVisualStudioVersion = 10.0.40219.1
Project("{FAE04EC0-301F-11D3-BF4B-00C04F79EFBC}") = "FunzioniArray", "FunzioniArray\FunzioniArray.csproj", "{CC977AF4-CCE0-43F8-81CA-BAFC5EF3C7F5}"
EndProject
Project("{FAE04EC0-301F-11D3-BF4B-00C04F79EFBC}") = "ProvaFunzioni", "ProvaFunzioni\ProvaFunzioni.csproj", "{25C51CB4-A71E-493F-ACFE-81B4511FD699}"
EndProject
Global
	GlobalSection(SolutionConfigurationPlatforms) = preSolution
		Debug|Any CPU = Debug|Any CPU
		Release|Any CPU = Release|Any CPU
	EndGlobalSection
	GlobalSection(ProjectConfigurationPlatforms) = postSolution
		{CC977AF4-CCE0-43F8-81CA-BAFC5EF3C7F5}.Debug|Any CPU.ActiveCfg = Debug|Any CPU
		{CC977AF4-CCE0-43F8-81CA-BAFC5EF3C7F5}.Debug|Any CPU.Build.0 = Debug|Any CPU
		{CC977AF4-CCE0-43F8-81CA-BAFC5EF3C7F5}.Release|Any CPU.ActiveCfg = Release|Any CPU
		{CC977AF4-CCE0-43F8-81CA-BAFC5EF3C7F5}.Release|Any CPU.Build.0 = Release|Any CPU
		{25C51CB4-A71E-493F-ACFE-81B4511FD699}.Debug|Any CPU.ActiveCfg = Debug|Any CPU
		{25C51CB4-A71E-493F-ACFE-81B4511FD699}.Debug|Any CPU.Build.0 = Debug|Any CPU
		{25C51CB4-A71E-493F-ACFE-81B4511FD699}.Release|Any CPU.ActiveCfg = Release|Any CPU
		{25C51CB4-A71E-493F-ACFE-81B4511FD699}.Release|Any CPU.Build.0 = Release|Any CPU
	EndGlobalSection
	GlobalSection(SolutionProperties) = preSolution
		HideSolutionNode = FALSE
	EndGlobalSection
	GlobalSection(ExtensibilityGlobals) = postSolution
		SolutionGuid = {1C2B0E80-0592-4C3F-9080-FDE10A4B85FD}
	EndGlobalSection
EndGlobal
